{
  "name": "testingproyect",
  "version": "1.0.0",
  "lockfileVersion": 3,
  "requires": true,
  "packages": {
    "": {
      "name": "testingproyect",
      "version": "1.0.0",
      "license": "ISC",
      "dependencies": {
        "pre-commit": "^1.0.10"
      },
      "devDependencies": {
        "prettier": "^3.5.1"
      }
    },
    "node_modules/pre-commit": {
      "version": "1.0.10",
      "resolved": "https://registry.npmjs.org/pre-commit/-/pre-commit-1.0.10.tgz",
      "integrity": "sha512-lpS8vLmOuAHSH8v+9GLSyYMplk9oZYLr3caRbsx9BVJzXb+/bI1l45JXAa0x/io732ZwgW2nhV8EeKjqVm7y4Q==",
      "hasInstallScript": true,
      "dependencies": {
        "shelljs": "0.5.x"
      }
    },
    "node_modules/prettier": {
      "version": "3.5.1",
      "resolved": "https://registry.npmjs.org/prettier/-/prettier-3.5.1.tgz",
      "integrity": "sha512-hPpFQvHwL3Qv5AdRvBFMhnKo4tYxp0ReXiPn2bxkiohEX6mBeBwEpBSQTkD458RaaDKQMYSp4hX4UtfUTA5wDw==",
      "dev": true,
      "bin": {
        "prettier": "bin/prettier.cjs"
      },
      "engines": {
        "node": ">=14"
      },
      "funding": {
        "url": "https://github.com/prettier/prettier?sponsor=1"
      }
    },
    "node_modules/shelljs": {
      "version": "0.5.3",
      "resolved": "https://registry.npmjs.org/shelljs/-/shelljs-0.5.3.tgz",
      "integrity": "sha512-C2FisSSW8S6TIYHHiMHN0NqzdjWfTekdMpA2FJTbRWnQMLO1RRIXEB9eVZYOlofYmjZA7fY3ChoFu09MeI3wlQ==",
      "bin": {
        "shjs": "bin/shjs"
      },
      "engines": {
        "node": ">=0.8.0"
      }
    }
  }
}
